# This file is autogenerated, do not edit; changes may be undone by the next 'dep ensure'.


[[projects]]
  branch = "master"
  digest = "1:b22cb6330a3836e3a562754b1a7315f3b1e19c96e906a37373ad1b24c9fc44d0"
  name = "golang.org/x/crypto"
  packages = [
    "bcrypt",
    "blowfish",
    "pbkdf2",
    "scrypt",
  ]
  pruneopts = "UT"
  revision = "0c41d7ab0a0ee717d4590a44bcb987dfd9e183eb"

[solve-meta]
  analyzer-name = "dep"
  analyzer-version = 1
  input-imports = [
    "golang.org/x/crypto/bcrypt",
    "golang.org/x/crypto/scrypt",
  ]
  solver-name = "gps-cdcl"
  solver-version = 1
